
Microsoft Visual Studio Solution File, Format Version 12.00
# Visual Studio Version 16
VisualStudioVersion = 16.0.30503.244
MinimumVisualStudioVersion = 10.0.40219.1
Project("{9A19103F-16F7-4668-BE54-9A1E7A4F7556}") = "Projectwerk_StripCatalogus_UI", "Projectwerk_StripCatalogus\Projectwerk_StripCatalogus_UI.csproj", "{79382BE8-79E4-4FBC-8EC2-2018DF6FA9D7}"
EndProject
Project("{9A19103F-16F7-4668-BE54-9A1E7A4F7556}") = "DomainLibrary", "DomainLibrary\DomainLibrary.csproj", "{466671C5-2363-49D9-8195-34A322D7E90E}"
EndProject
Project("{9A19103F-16F7-4668-BE54-9A1E7A4F7556}") = "DataLayer", "Data\DataLayer.csproj", "{2A00AE41-695B-43FF-9C0D-650DB51B7433}"
EndProject
Project("{9A19103F-16F7-4668-BE54-9A1E7A4F7556}") = "Tests", "Tests\Tests.csproj", "{AE417FDA-3660-47B0-8C22-6B1743F0D787}"
EndProject
Project("{9A19103F-16F7-4668-BE54-9A1E7A4F7556}") = "ViewModel", "ViewModel\ViewModel.csproj", "{66F67B23-4B69-4688-A878-FF5A9BD45B03}"
EndProject
Project("{9A19103F-16F7-4668-BE54-9A1E7A4F7556}") = "ImportExport_UI", "ImportExport_UI\ImportExport_UI.csproj", "{31DEBF74-12F7-4714-BC88-C21BB2F79357}"
EndProject
Global
	GlobalSection(SolutionConfigurationPlatforms) = preSolution
		Debug|Any CPU = Debug|Any CPU
		Release|Any CPU = Release|Any CPU
	EndGlobalSection
	GlobalSection(ProjectConfigurationPlatforms) = postSolution
		{79382BE8-79E4-4FBC-8EC2-2018DF6FA9D7}.Debug|Any CPU.ActiveCfg = Debug|Any CPU
		{79382BE8-79E4-4FBC-8EC2-2018DF6FA9D7}.Debug|Any CPU.Build.0 = Debug|Any CPU
		{79382BE8-79E4-4FBC-8EC2-2018DF6FA9D7}.Release|Any CPU.ActiveCfg = Release|Any CPU
		{79382BE8-79E4-4FBC-8EC2-2018DF6FA9D7}.Release|Any CPU.Build.0 = Release|Any CPU
		{466671C5-2363-49D9-8195-34A322D7E90E}.Debug|Any CPU.ActiveCfg = Debug|Any CPU
		{466671C5-2363-49D9-8195-34A322D7E90E}.Debug|Any CPU.Build.0 = Debug|Any CPU
		{466671C5-2363-49D9-8195-34A322D7E90E}.Release|Any CPU.ActiveCfg = Release|Any CPU
		{466671C5-2363-49D9-8195-34A322D7E90E}.Release|Any CPU.Build.0 = Release|Any CPU
		{2A00AE41-695B-43FF-9C0D-650DB51B7433}.Debug|Any CPU.ActiveCfg = Debug|Any CPU
		{2A00AE41-695B-43FF-9C0D-650DB51B7433}.Debug|Any CPU.Build.0 = Debug|Any CPU
		{2A00AE41-695B-43FF-9C0D-650DB51B7433}.Release|Any CPU.ActiveCfg = Release|Any CPU
		{2A00AE41-695B-43FF-9C0D-650DB51B7433}.Release|Any CPU.Build.0 = Release|Any CPU
		{AE417FDA-3660-47B0-8C22-6B1743F0D787}.Debug|Any CPU.ActiveCfg = Debug|Any CPU
		{AE417FDA-3660-47B0-8C22-6B1743F0D787}.Debug|Any CPU.Build.0 = Debug|Any CPU
		{AE417FDA-3660-47B0-8C22-6B1743F0D787}.Release|Any CPU.ActiveCfg = Release|Any CPU
		{AE417FDA-3660-47B0-8C22-6B1743F0D787}.Release|Any CPU.Build.0 = Release|Any CPU
		{66F67B23-4B69-4688-A878-FF5A9BD45B03}.Debug|Any CPU.ActiveCfg = Debug|Any CPU
		{66F67B23-4B69-4688-A878-FF5A9BD45B03}.Debug|Any CPU.Build.0 = Debug|Any CPU
		{66F67B23-4B69-4688-A878-FF5A9BD45B03}.Release|Any CPU.ActiveCfg = Release|Any CPU
		{66F67B23-4B69-4688-A878-FF5A9BD45B03}.Release|Any CPU.Build.0 = Release|Any CPU
		{31DEBF74-12F7-4714-BC88-C21BB2F79357}.Debug|Any CPU.ActiveCfg = Debug|Any CPU
		{31DEBF74-12F7-4714-BC88-C21BB2F79357}.Debug|Any CPU.Build.0 = Debug|Any CPU
		{31DEBF74-12F7-4714-BC88-C21BB2F79357}.Release|Any CPU.ActiveCfg = Release|Any CPU
		{31DEBF74-12F7-4714-BC88-C21BB2F79357}.Release|Any CPU.Build.0 = Release|Any CPU
	EndGlobalSection
	GlobalSection(SolutionProperties) = preSolution
		HideSolutionNode = FALSE
	EndGlobalSection
	GlobalSection(ExtensibilityGlobals) = postSolution
		SolutionGuid = {E94866AE-F28E-4E6A-8F8B-203ABBADC5E1}
	EndGlobalSection
EndGlobal
